
Microsoft Visual Studio Solution File, Format Version 12.00
# Visual Studio Version 16
VisualStudioVersion = 16.0.29728.190
MinimumVisualStudioVersion = 10.0.40219.1
Project("{FAE04EC0-301F-11D3-BF4B-00C04F79EFBC}") = "Calculator", "Calculator\Calculator.csproj", "{49637188-5552-4FAD-ADE0-ECD0E6CF92D3}"
EndProject
Project("{FAE04EC0-301F-11D3-BF4B-00C04F79EFBC}") = "CalculatorTest", "CalculatorTest\CalculatorTest.csproj", "{4AEDCA1D-E617-4A82-BC51-73A1F881C882}"
EndProject
Global
	GlobalSection(SolutionConfigurationPlatforms) = preSolution
		Debug|Any CPU = Debug|Any CPU
		Release|Any CPU = Release|Any CPU
	EndGlobalSection
	GlobalSection(ProjectConfigurationPlatforms) = postSolution
		{49637188-5552-4FAD-ADE0-ECD0E6CF92D3}.Debug|Any CPU.ActiveCfg = Debug|Any CPU
		{49637188-5552-4FAD-ADE0-ECD0E6CF92D3}.Debug|Any CPU.Build.0 = Debug|Any CPU
		{49637188-5552-4FAD-ADE0-ECD0E6CF92D3}.Release|Any CPU.ActiveCfg = Release|Any CPU
		{49637188-5552-4FAD-ADE0-ECD0E6CF92D3}.Release|Any CPU.Build.0 = Release|Any CPU
		{4AEDCA1D-E617-4A82-BC51-73A1F881C882}.Debug|Any CPU.ActiveCfg = Debug|Any CPU
		{4AEDCA1D-E617-4A82-BC51-73A1F881C882}.Debug|Any CPU.Build.0 = Debug|Any CPU
		{4AEDCA1D-E617-4A82-BC51-73A1F881C882}.Release|Any CPU.ActiveCfg = Release|Any CPU
		{4AEDCA1D-E617-4A82-BC51-73A1F881C882}.Release|Any CPU.Build.0 = Release|Any CPU
	EndGlobalSection
	GlobalSection(SolutionProperties) = preSolution
		HideSolutionNode = FALSE
	EndGlobalSection
	GlobalSection(ExtensibilityGlobals) = postSolution
		SolutionGuid = {DE0E504A-115C-47D0-BF03-35C503B16178}
	EndGlobalSection
EndGlobal
